
Microsoft Visual Studio Solution File, Format Version 12.00
# Visual Studio Version 16
VisualStudioVersion = 16.0.29411.108
MinimumVisualStudioVersion = 10.0.40219.1
Project("{FAE04EC0-301F-11D3-BF4B-00C04F79EFBC}") = "Schrebergaerten", "Schrebergaerten.csproj", "{BBDD5831-4B09-4E4D-89F3-665D87AA2ACF}"
EndProject
Global
	GlobalSection(SolutionConfigurationPlatforms) = preSolution
		Debug|Any CPU = Debug|Any CPU
		Release|Any CPU = Release|Any CPU
	EndGlobalSection
	GlobalSection(ProjectConfigurationPlatforms) = postSolution
		{BBDD5831-4B09-4E4D-89F3-665D87AA2ACF}.Debug|Any CPU.ActiveCfg = Debug|Any CPU
		{BBDD5831-4B09-4E4D-89F3-665D87AA2ACF}.Debug|Any CPU.Build.0 = Debug|Any CPU
		{BBDD5831-4B09-4E4D-89F3-665D87AA2ACF}.Release|Any CPU.ActiveCfg = Release|Any CPU
		{BBDD5831-4B09-4E4D-89F3-665D87AA2ACF}.Release|Any CPU.Build.0 = Release|Any CPU
	EndGlobalSection
	GlobalSection(SolutionProperties) = preSolution
		HideSolutionNode = FALSE
	EndGlobalSection
	GlobalSection(ExtensibilityGlobals) = postSolution
		SolutionGuid = {35F03F87-5B59-4371-B64E-D6D65201D0F0}
	EndGlobalSection
EndGlobal
